
Microsoft Visual Studio Solution File, Format Version 12.00
# Visual Studio Version 17
VisualStudioVersion = 17.8.34525.116
MinimumVisualStudioVersion = 10.0.40219.1
Project("{FAE04EC0-301F-11D3-BF4B-00C04F79EFBC}") = "FacebookExtractor", "FacebookExtractor.csproj", "{91AD84C3-7AA1-4410-93F3-1F988EE65D5A}"
EndProject
Global
	GlobalSection(SolutionConfigurationPlatforms) = preSolution
		Debug|Any CPU = Debug|Any CPU
		Release|Any CPU = Release|Any CPU
	EndGlobalSection
	GlobalSection(ProjectConfigurationPlatforms) = postSolution
		{91AD84C3-7AA1-4410-93F3-1F988EE65D5A}.Debug|Any CPU.ActiveCfg = Debug|Any CPU
		{91AD84C3-7AA1-4410-93F3-1F988EE65D5A}.Debug|Any CPU.Build.0 = Debug|Any CPU
		{91AD84C3-7AA1-4410-93F3-1F988EE65D5A}.Release|Any CPU.ActiveCfg = Release|Any CPU
		{91AD84C3-7AA1-4410-93F3-1F988EE65D5A}.Release|Any CPU.Build.0 = Release|Any CPU
	EndGlobalSection
	GlobalSection(SolutionProperties) = preSolution
		HideSolutionNode = FALSE
	EndGlobalSection
	GlobalSection(ExtensibilityGlobals) = postSolution
		SolutionGuid = {8F7891E3-0D6B-470D-A79F-5CD3DE87740A}
	EndGlobalSection
EndGlobal
